
Microsoft Visual Studio Solution File, Format Version 12.00
# Visual Studio Version 16
VisualStudioVersion = 16.0.31410.357
MinimumVisualStudioVersion = 10.0.40219.1
Project("{9A19103F-16F7-4668-BE54-9A1E7A4F7556}") = "Fibonacci", "Fibonacci\Fibonacci.csproj", "{5986AF20-05CF-4F6A-B36E-88C870F22120}"
EndProject
Project("{9A19103F-16F7-4668-BE54-9A1E7A4F7556}") = "VariableDeclaration", "VariableDeclaration\VariableDeclaration.csproj", "{C8A006E0-A707-48BE-B881-5AF6F41A416F}"
EndProject
Project("{9A19103F-16F7-4668-BE54-9A1E7A4F7556}") = "NullExercise", "NullExercise\NullExercise.csproj", "{207D9B91-898D-45FE-9067-96A2224435AE}"
EndProject
Project("{9A19103F-16F7-4668-BE54-9A1E7A4F7556}") = "BuiltInTypes", "BuiltInTypes\BuiltInTypes.csproj", "{2981EE61-A182-4005-8E60-985C2CA64BD1}"
EndProject
Project("{9A19103F-16F7-4668-BE54-9A1E7A4F7556}") = "GenericExercise", "GenericExercise\GenericExercise.csproj", "{1A813A36-C9EF-4BC1-9881-0AB2C8003A16}"
EndProject
Project("{9A19103F-16F7-4668-BE54-9A1E7A4F7556}") = "GenericContrains2", "GenericContrains2\GenericContrains2.csproj", "{04963B26-1914-466A-9DDF-768375019D43}"
EndProject
Project("{9A19103F-16F7-4668-BE54-9A1E7A4F7556}") = "AnonymousExercise", "AnonymousExercise\AnonymousExercise.csproj", "{DA8D8314-676C-4C29-89C5-09168530ADF9}"
EndProject
Project("{9A19103F-16F7-4668-BE54-9A1E7A4F7556}") = "InterfacesExercise", "InterfacesExercise\InterfacesExercise.csproj", "{3717BAAD-D044-48CD-B60F-20EB6C90C975}"
EndProject
Project("{9A19103F-16F7-4668-BE54-9A1E7A4F7556}") = "InterfaceExercises", "InterfaceExercises\InterfaceExercises.csproj", "{D0F18391-8CFF-4AFC-ADDC-6394DAC2D79F}"
EndProject
Project("{9A19103F-16F7-4668-BE54-9A1E7A4F7556}") = "ClassExercise", "ClassExercise\ClassExercise.csproj", "{029D6EAB-362E-4674-9784-C058F4890D37}"
EndProject
Project("{9A19103F-16F7-4668-BE54-9A1E7A4F7556}") = "DelegateExercise", "DelegateExercise\DelegateExercise.csproj", "{43898093-904B-4029-9392-A2C75B1515A8}"
EndProject
Project("{FAE04EC0-301F-11D3-BF4B-00C04F79EFBC}") = "ExtensionMethod", "ExtensionMethod\ExtensionMethod.csproj", "{72D64B41-1F50-48F2-90E2-5A78A5694025}"
EndProject
Project("{FAE04EC0-301F-11D3-BF4B-00C04F79EFBC}") = "LinQ", "LinQ\LinQ.csproj", "{AA047C56-7838-4664-BAE8-920946C38A7E}"
EndProject
Global
	GlobalSection(SolutionConfigurationPlatforms) = preSolution
		Debug|Any CPU = Debug|Any CPU
		Release|Any CPU = Release|Any CPU
	EndGlobalSection
	GlobalSection(ProjectConfigurationPlatforms) = postSolution
		{5986AF20-05CF-4F6A-B36E-88C870F22120}.Debug|Any CPU.ActiveCfg = Debug|Any CPU
		{5986AF20-05CF-4F6A-B36E-88C870F22120}.Debug|Any CPU.Build.0 = Debug|Any CPU
		{5986AF20-05CF-4F6A-B36E-88C870F22120}.Release|Any CPU.ActiveCfg = Release|Any CPU
		{5986AF20-05CF-4F6A-B36E-88C870F22120}.Release|Any CPU.Build.0 = Release|Any CPU
		{C8A006E0-A707-48BE-B881-5AF6F41A416F}.Debug|Any CPU.ActiveCfg = Debug|Any CPU
		{C8A006E0-A707-48BE-B881-5AF6F41A416F}.Debug|Any CPU.Build.0 = Debug|Any CPU
		{C8A006E0-A707-48BE-B881-5AF6F41A416F}.Release|Any CPU.ActiveCfg = Release|Any CPU
		{C8A006E0-A707-48BE-B881-5AF6F41A416F}.Release|Any CPU.Build.0 = Release|Any CPU
		{207D9B91-898D-45FE-9067-96A2224435AE}.Debug|Any CPU.ActiveCfg = Debug|Any CPU
		{207D9B91-898D-45FE-9067-96A2224435AE}.Debug|Any CPU.Build.0 = Debug|Any CPU
		{207D9B91-898D-45FE-9067-96A2224435AE}.Release|Any CPU.ActiveCfg = Release|Any CPU
		{207D9B91-898D-45FE-9067-96A2224435AE}.Release|Any CPU.Build.0 = Release|Any CPU
		{2981EE61-A182-4005-8E60-985C2CA64BD1}.Debug|Any CPU.ActiveCfg = Debug|Any CPU
		{2981EE61-A182-4005-8E60-985C2CA64BD1}.Debug|Any CPU.Build.0 = Debug|Any CPU
		{2981EE61-A182-4005-8E60-985C2CA64BD1}.Release|Any CPU.ActiveCfg = Release|Any CPU
		{2981EE61-A182-4005-8E60-985C2CA64BD1}.Release|Any CPU.Build.0 = Release|Any CPU
		{1A813A36-C9EF-4BC1-9881-0AB2C8003A16}.Debug|Any CPU.ActiveCfg = Debug|Any CPU
		{1A813A36-C9EF-4BC1-9881-0AB2C8003A16}.Debug|Any CPU.Build.0 = Debug|Any CPU
		{1A813A36-C9EF-4BC1-9881-0AB2C8003A16}.Release|Any CPU.ActiveCfg = Release|Any CPU
		{1A813A36-C9EF-4BC1-9881-0AB2C8003A16}.Release|Any CPU.Build.0 = Release|Any CPU
		{04963B26-1914-466A-9DDF-768375019D43}.Debug|Any CPU.ActiveCfg = Debug|Any CPU
		{04963B26-1914-466A-9DDF-768375019D43}.Debug|Any CPU.Build.0 = Debug|Any CPU
		{04963B26-1914-466A-9DDF-768375019D43}.Release|Any CPU.ActiveCfg = Release|Any CPU
		{04963B26-1914-466A-9DDF-768375019D43}.Release|Any CPU.Build.0 = Release|Any CPU
		{DA8D8314-676C-4C29-89C5-09168530ADF9}.Debug|Any CPU.ActiveCfg = Debug|Any CPU
		{DA8D8314-676C-4C29-89C5-09168530ADF9}.Debug|Any CPU.Build.0 = Debug|Any CPU
		{DA8D8314-676C-4C29-89C5-09168530ADF9}.Release|Any CPU.ActiveCfg = Release|Any CPU
		{DA8D8314-676C-4C29-89C5-09168530ADF9}.Release|Any CPU.Build.0 = Release|Any CPU
		{3717BAAD-D044-48CD-B60F-20EB6C90C975}.Debug|Any CPU.ActiveCfg = Debug|Any CPU
		{3717BAAD-D044-48CD-B60F-20EB6C90C975}.Debug|Any CPU.Build.0 = Debug|Any CPU
		{3717BAAD-D044-48CD-B60F-20EB6C90C975}.Release|Any CPU.ActiveCfg = Release|Any CPU
		{3717BAAD-D044-48CD-B60F-20EB6C90C975}.Release|Any CPU.Build.0 = Release|Any CPU
		{D0F18391-8CFF-4AFC-ADDC-6394DAC2D79F}.Debug|Any CPU.ActiveCfg = Debug|Any CPU
		{D0F18391-8CFF-4AFC-ADDC-6394DAC2D79F}.Debug|Any CPU.Build.0 = Debug|Any CPU
		{D0F18391-8CFF-4AFC-ADDC-6394DAC2D79F}.Release|Any CPU.ActiveCfg = Release|Any CPU
		{D0F18391-8CFF-4AFC-ADDC-6394DAC2D79F}.Release|Any CPU.Build.0 = Release|Any CPU
		{029D6EAB-362E-4674-9784-C058F4890D37}.Debug|Any CPU.ActiveCfg = Debug|Any CPU
		{029D6EAB-362E-4674-9784-C058F4890D37}.Debug|Any CPU.Build.0 = Debug|Any CPU
		{029D6EAB-362E-4674-9784-C058F4890D37}.Release|Any CPU.ActiveCfg = Release|Any CPU
		{029D6EAB-362E-4674-9784-C058F4890D37}.Release|Any CPU.Build.0 = Release|Any CPU
		{43898093-904B-4029-9392-A2C75B1515A8}.Debug|Any CPU.ActiveCfg = Debug|Any CPU
		{43898093-904B-4029-9392-A2C75B1515A8}.Debug|Any CPU.Build.0 = Debug|Any CPU
		{43898093-904B-4029-9392-A2C75B1515A8}.Release|Any CPU.ActiveCfg = Release|Any CPU
		{43898093-904B-4029-9392-A2C75B1515A8}.Release|Any CPU.Build.0 = Release|Any CPU
		{72D64B41-1F50-48F2-90E2-5A78A5694025}.Debug|Any CPU.ActiveCfg = Debug|Any CPU
		{72D64B41-1F50-48F2-90E2-5A78A5694025}.Debug|Any CPU.Build.0 = Debug|Any CPU
		{72D64B41-1F50-48F2-90E2-5A78A5694025}.Release|Any CPU.ActiveCfg = Release|Any CPU
		{72D64B41-1F50-48F2-90E2-5A78A5694025}.Release|Any CPU.Build.0 = Release|Any CPU
		{AA047C56-7838-4664-BAE8-920946C38A7E}.Debug|Any CPU.ActiveCfg = Debug|Any CPU
		{AA047C56-7838-4664-BAE8-920946C38A7E}.Debug|Any CPU.Build.0 = Debug|Any CPU
		{AA047C56-7838-4664-BAE8-920946C38A7E}.Release|Any CPU.ActiveCfg = Release|Any CPU
		{AA047C56-7838-4664-BAE8-920946C38A7E}.Release|Any CPU.Build.0 = Release|Any CPU
	EndGlobalSection
	GlobalSection(SolutionProperties) = preSolution
		HideSolutionNode = FALSE
	EndGlobalSection
	GlobalSection(ExtensibilityGlobals) = postSolution
		SolutionGuid = {64389C4C-E910-414C-BBEF-E4A328D9E65D}
	EndGlobalSection
EndGlobal
