
Microsoft Visual Studio Solution File, Format Version 12.00
# Visual Studio Version 16
VisualStudioVersion = 16.0.31410.357
MinimumVisualStudioVersion = 10.0.40219.1
Project("{9A19103F-16F7-4668-BE54-9A1E7A4F7556}") = "Fibonacci", "Fibonacci\Fibonacci.csproj", "{5986AF20-05CF-4F6A-B36E-88C870F22120}"
EndProject
Project("{FAE04EC0-301F-11D3-BF4B-00C04F79EFBC}") = "VariableDeclaration", "VariableDeclaration\VariableDeclaration.csproj", "{C8A006E0-A707-48BE-B881-5AF6F41A416F}"
EndProject
Global
	GlobalSection(SolutionConfigurationPlatforms) = preSolution
		Debug|Any CPU = Debug|Any CPU
		Release|Any CPU = Release|Any CPU
	EndGlobalSection
	GlobalSection(ProjectConfigurationPlatforms) = postSolution
		{5986AF20-05CF-4F6A-B36E-88C870F22120}.Debug|Any CPU.ActiveCfg = Debug|Any CPU
		{5986AF20-05CF-4F6A-B36E-88C870F22120}.Debug|Any CPU.Build.0 = Debug|Any CPU
		{5986AF20-05CF-4F6A-B36E-88C870F22120}.Release|Any CPU.ActiveCfg = Release|Any CPU
		{5986AF20-05CF-4F6A-B36E-88C870F22120}.Release|Any CPU.Build.0 = Release|Any CPU
		{C8A006E0-A707-48BE-B881-5AF6F41A416F}.Debug|Any CPU.ActiveCfg = Debug|Any CPU
		{C8A006E0-A707-48BE-B881-5AF6F41A416F}.Debug|Any CPU.Build.0 = Debug|Any CPU
		{C8A006E0-A707-48BE-B881-5AF6F41A416F}.Release|Any CPU.ActiveCfg = Release|Any CPU
		{C8A006E0-A707-48BE-B881-5AF6F41A416F}.Release|Any CPU.Build.0 = Release|Any CPU
	EndGlobalSection
	GlobalSection(SolutionProperties) = preSolution
		HideSolutionNode = FALSE
	EndGlobalSection
	GlobalSection(ExtensibilityGlobals) = postSolution
		SolutionGuid = {64389C4C-E910-414C-BBEF-E4A328D9E65D}
	EndGlobalSection
EndGlobal
